{
    "_meta": {
        "hash": {
            "sha256": "77d3113798ddaa529cf98236873aa013c6231b19d8b37f086066aec5306b4f86"
        },
        "pipfile-spec": 6,
        "requires": {
            "python_version": "3.9"
        },
        "sources": [
            {
                "name": "pypi",
                "url": "https://pypi.org/simple",
                "verify_ssl": true
            }
        ]
    },
    "default": {
        "pulsectl": {
            "hashes": [
                "sha256:f1e3107de62dec004578a5d6c9a139a54499196964d23433c1993d6177f93031",
                "sha256:faa8b9336237565990298f20870e13dd1678a4586847ca5a7ff2abf10752f356"
            ],
            "version": "==21.3.4"
        },
        "pulsectl-asyncio": {
            "hashes": [
                "sha256:7efc8818838e4421c1a159fcfd0e91609977e3f02d2a088ba910f15c56d25d63",
                "sha256:eccdbedc430eafb3a40034682501da9a540dd1260b002565bd178ee6f7569835"
            ],
            "index": "pypi",
            "version": "==0.1.5"
        }
    },
    "develop": {
        "isort": {
            "hashes": [
                "sha256:0a943902919f65c5684ac4e0154b1ad4fac6dcaa5d9f3426b732f1c8b5419be6",
                "sha256:2bb1680aad211e3c9944dbce1d4ba09a989f04e238296c87fe2139faa26d655d"
            ],
            "index": "pypi",
            "version": "==5.8.0"
        }
    }
}
